
Microsoft Visual Studio Solution File, Format Version 12.00
# Visual Studio Version 17
VisualStudioVersion = 17.8.34408.163
MinimumVisualStudioVersion = 10.0.40219.1
Project("{FAE04EC0-301F-11D3-BF4B-00C04F79EFBC}") = "PasswordManager", "PasswordManager.csproj", "{71DEEFCA-3F32-43C6-850E-5B9CF3C7D43D}"
EndProject
Global
	GlobalSection(SolutionConfigurationPlatforms) = preSolution
		Debug|Any CPU = Debug|Any CPU
		Release|Any CPU = Release|Any CPU
	EndGlobalSection
	GlobalSection(ProjectConfigurationPlatforms) = postSolution
		{71DEEFCA-3F32-43C6-850E-5B9CF3C7D43D}.Debug|Any CPU.ActiveCfg = Debug|Any CPU
		{71DEEFCA-3F32-43C6-850E-5B9CF3C7D43D}.Debug|Any CPU.Build.0 = Debug|Any CPU
		{71DEEFCA-3F32-43C6-850E-5B9CF3C7D43D}.Release|Any CPU.ActiveCfg = Release|Any CPU
		{71DEEFCA-3F32-43C6-850E-5B9CF3C7D43D}.Release|Any CPU.Build.0 = Release|Any CPU
	EndGlobalSection
	GlobalSection(SolutionProperties) = preSolution
		HideSolutionNode = FALSE
	EndGlobalSection
	GlobalSection(ExtensibilityGlobals) = postSolution
		SolutionGuid = {E504DF44-9AB8-4EBA-9446-02B64E24666F}
	EndGlobalSection
EndGlobal
